
Microsoft Visual Studio Solution File, Format Version 12.00
# Visual Studio 15
VisualStudioVersion = 15.0.28307.1622
MinimumVisualStudioVersion = 10.0.40219.1
Project("{FAE04EC0-301F-11D3-BF4B-00C04F79EFBC}") = "Calculos de ISR", "Calculos de ISR\Calculos de ISR.csproj", "{B1EAB6C4-6156-423B-988E-77E928946222}"
EndProject
Global
	GlobalSection(SolutionConfigurationPlatforms) = preSolution
		Debug|Any CPU = Debug|Any CPU
		Release|Any CPU = Release|Any CPU
	EndGlobalSection
	GlobalSection(ProjectConfigurationPlatforms) = postSolution
		{B1EAB6C4-6156-423B-988E-77E928946222}.Debug|Any CPU.ActiveCfg = Debug|Any CPU
		{B1EAB6C4-6156-423B-988E-77E928946222}.Debug|Any CPU.Build.0 = Debug|Any CPU
		{B1EAB6C4-6156-423B-988E-77E928946222}.Release|Any CPU.ActiveCfg = Release|Any CPU
		{B1EAB6C4-6156-423B-988E-77E928946222}.Release|Any CPU.Build.0 = Release|Any CPU
	EndGlobalSection
	GlobalSection(SolutionProperties) = preSolution
		HideSolutionNode = FALSE
	EndGlobalSection
	GlobalSection(ExtensibilityGlobals) = postSolution
		SolutionGuid = {984B046E-5FAB-48C2-9ACD-BF66BCC623C7}
	EndGlobalSection
EndGlobal
